<?xml version="1.0" encoding="utf-8"?>
<Project ToolsVersion="4.0" xmlns="http://schemas.microsoft.com/developer/msbuild/2003">
  <ItemGroup>
    <Filter Include="Source Files">
      <UniqueIdentifier>{4FC737F1-C7A5-4376-A066-2A32D752A2FF}</UniqueIdentifier>
      <Extensions>cpp;c;cc;cxx;c++;cppm;ixx;def;odl;idl;hpj;bat;asm;asmx</Extensions>
    </Filter>
    <Filter Include="Header Files">
      <UniqueIdentifier>{93995380-89BD-4b04-88EB-625FBE52EBFB}</UniqueIdentifier>
      <Extensions>h;hh;hpp;hxx;h++;hm;inl;inc;ipp;xsd</Extensions>
    </Filter>
    <Filter Include="Resource Files">
      <UniqueIdentifier>{67DA6AB6-F800-4c08-8B7A-83BB121AAD01}</UniqueIdentifier>
      <Extensions>rc;ico;cur;bmp;dlg;rc2;rct;bin;rgs;gif;jpg;jpeg;jpe;resx;tiff;tif;png;wav;mfcribbon-ms</Extensions>
    </Filter>
    <Filter Include="Source Files\BackendAPI">
      <UniqueIdentifier>{97b4a634-a480-4639-a0ad-ade73a375748}</UniqueIdentifier>
    </Filter>
    <Filter Include="Header Files\BackendAPI">
      <UniqueIdentifier>{1ae5c227-61d1-4453-a457-09b3f5d2dfd5}</UniqueIdentifier>
    </Filter>
    <Filter Include="Header Files\ValidationLayer">
      <UniqueIdentifier>{bb33706a-dc51-4aa6-beaa-723d9c9af5c7}</UniqueIdentifier>
    </Filter>
    <Filter Include="Source Files\ValidationLayer">
      <UniqueIdentifier>{418ae6a9-29a2-4c39-8785-2680a9493c29}</UniqueIdentifier>
    </Filter>
    <Filter Include="Header Files\DatabaseLayer">
      <UniqueIdentifier>{30a1d275-b4a1-41b1-ad63-76ba7aecd048}</UniqueIdentifier>
    </Filter>
    <Filter Include="Source Files\DatabaseLayer">
      <UniqueIdentifier>{c651f39e-2f97-4224-83ed-1da93fcd0d4e}</UniqueIdentifier>
    </Filter>
  </ItemGroup>
  <ItemGroup>
    <ClCompile Include="main.cpp">
      <Filter>Source Files</Filter>
    </ClCompile>
    <ClCompile Include="BackendAPI.cpp">
      <Filter>Source Files\BackendAPI</Filter>
    </ClCompile>
    <ClCompile Include="ValidationCheck.cpp">
      <Filter>Source Files\ValidationLayer</Filter>
    </ClCompile>
  </ItemGroup>
  <ItemGroup>
    <Text Include="CMakeLists.txt">
      <Filter>Resource Files</Filter>
    </Text>
  </ItemGroup>
  <ItemGroup>
    <ClInclude Include="BackendAPI.hpp">
      <Filter>Header Files\BackendAPI</Filter>
    </ClInclude>
    <ClInclude Include="ValidationCheck.hpp">
      <Filter>Header Files\ValidationLayer</Filter>
    </ClInclude>
    <ClInclude Include="IDatabase.hpp">
      <Filter>Header Files\DatabaseLayer</Filter>
    </ClInclude>
  </ItemGroup>
</Project>